
Microsoft Visual Studio Solution File, Format Version 12.00
# Visual Studio Version 16
VisualStudioVersion = 16.0.30621.155
MinimumVisualStudioVersion = 10.0.40219.1
Project("{FAE04EC0-301F-11D3-BF4B-00C04F79EFBC}") = "InterfaceWPF", "InterfaceWPF\InterfaceWPF.csproj", "{AB095121-3A71-483C-9CFD-B6DB86B98D73}"
EndProject
Global
	GlobalSection(SolutionConfigurationPlatforms) = preSolution
		Debug|Any CPU = Debug|Any CPU
		Release|Any CPU = Release|Any CPU
	EndGlobalSection
	GlobalSection(ProjectConfigurationPlatforms) = postSolution
		{AB095121-3A71-483C-9CFD-B6DB86B98D73}.Debug|Any CPU.ActiveCfg = Debug|Any CPU
		{AB095121-3A71-483C-9CFD-B6DB86B98D73}.Debug|Any CPU.Build.0 = Debug|Any CPU
		{AB095121-3A71-483C-9CFD-B6DB86B98D73}.Release|Any CPU.ActiveCfg = Release|Any CPU
		{AB095121-3A71-483C-9CFD-B6DB86B98D73}.Release|Any CPU.Build.0 = Release|Any CPU
	EndGlobalSection
	GlobalSection(SolutionProperties) = preSolution
		HideSolutionNode = FALSE
	EndGlobalSection
	GlobalSection(ExtensibilityGlobals) = postSolution
		SolutionGuid = {CEBC53C6-B9C7-40C7-8531-DD39C09108AD}
	EndGlobalSection
EndGlobal
